// !$*UTF8*$!
{
	archiveVersion = 1;
	classes = {
	};
	objectVersion = 50;
	objects = {

/* Begin PBXBuildFile section */
		6899CCBA241DE8F3008005ED /* AppDelegate.swift in Sources */ = {isa = PBXBuildFile; fileRef = 6899CCB9241DE8F3008005ED /* AppDelegate.swift */; };
		6899CCBC241DE8F3008005ED /* SceneDelegate.swift in Sources */ = {isa = PBXBuildFile; fileRef = 6899CCBB241DE8F3008005ED /* SceneDelegate.swift */; };
		6899CCBE241DE8F3008005ED /* ViewController.swift in Sources */ = {isa = PBXBuildFile; fileRef = 6899CCBD241DE8F3008005ED /* ViewController.swift */; };
		6899CCC1241DE8F3008005ED /* Main.storyboard in Resources */ = {isa = PBXBuildFile; fileRef = 6899CCBF241DE8F3008005ED /* Main.storyboard */; };
		6899CCC3241DE8F6008005ED /* Assets.xcassets in Resources */ = {isa = PBXBuildFile; fileRef = 6899CCC2241DE8F6008005ED /* Assets.xcassets */; };
		6899CCC6241DE8F6008005ED /* LaunchScreen.storyboard in Resources */ = {isa = PBXBuildFile; fileRef = 6899CCC4241DE8F6008005ED /* LaunchScreen.storyboard */; };
		6899CCD1241DE8F6008005ED /* MusicPlayerTests.swift in Sources */ = {isa = PBXBuildFile; fileRef = 6899CCD0241DE8F6008005ED /* MusicPlayerTests.swift */; };
		6899CCDC241DE8F6008005ED /* MusicPlayerUITests.swift in Sources */ = {isa = PBXBuildFile; fileRef = 6899CCDB241DE8F6008005ED /* MusicPlayerUITests.swift */; };
/* End PBXBuildFile section */

/* Begin PBXContainerItemProxy section */
		6899CCCD241DE8F6008005ED /* PBXContainerItemProxy */ = {
			isa = PBXContainerItemProxy;
			containerPortal = 6899CCAE241DE8F3008005ED /* Project object */;
			proxyType = 1;
			remoteGlobalIDString = 6899CCB5241DE8F3008005ED;
			remoteInfo = MusicPlayer;
		};
		6899CCD8241DE8F6008005ED /* PBXContainerItemProxy */ = {
			isa = PBXContainerItemProxy;
			containerPortal = 6899CCAE241DE8F3008005ED /* Project object */;
			proxyType = 1;
			remoteGlobalIDString = 6899CCB5241DE8F3008005ED;
			remoteInfo = MusicPlayer;
		};
/* End PBXContainerItemProxy section */

/* Begin PBXFileReference section */
		6899CCB6241DE8F3008005ED /* MusicPlayer.app */ = {isa = PBXFileReference; explicitFileType = wrapper.application; includeInIndex = 0; path = MusicPlayer.app; sourceTree = BUILT_PRODUCTS_DIR; };
		6899CCB9241DE8F3008005ED /* AppDelegate.swift */ = {isa = PBXFileReference; lastKnownFileType = sourcecode.swift; path = AppDelegate.swift; sourceTree = "<group>"; };
		6899CCBB241DE8F3008005ED /* SceneDelegate.swift */ = {isa = PBXFileReference; lastKnownFileType = sourcecode.swift; path = SceneDelegate.swift; sourceTree = "<group>"; };
		6899CCBD241DE8F3008005ED /* ViewController.swift */ = {isa = PBXFileReference; lastKnownFileType = sourcecode.swift; path = ViewController.swift; sourceTree = "<group>"; };
		6899CCC0241DE8F3008005ED /* Base */ = {isa = PBXFileReference; lastKnownFileType = file.storyboard; name = Base; path = Base.lproj/Main.storyboard; sourceTree = "<group>"; };
		6899CCC2241DE8F6008005ED /* Assets.xcassets */ = {isa = PBXFileReference; lastKnownFileType = folder.assetcatalog; path = Assets.xcassets; sourceTree = "<group>"; };
		6899CCC5241DE8F6008005ED /* Base */ = {isa = PBXFileReference; lastKnownFileType = file.storyboard; name = Base; path = Base.lproj/LaunchScreen.storyboard; sourceTree = "<group>"; };
		6899CCC7241DE8F6008005ED /* Info.plist */ = {isa = PBXFileReference; lastKnownFileType = text.plist.xml; path = Info.plist; sourceTree = "<group>"; };
		6899CCCC241DE8F6008005ED /* MusicPlayerTests.xctest */ = {isa = PBXFileReference; explicitFileType = wrapper.cfbundle; includeInIndex = 0; path = MusicPlayerTests.xctest; sourceTree = BUILT_PRODUCTS_DIR; };
		6899CCD0241DE8F6008005ED /* MusicPlayerTests.swift */ = {isa = PBXFileReference; lastKnownFileType = sourcecode.swift; path = MusicPlayerTests.swift; sourceTree = "<group>"; };
		6899CCD2241DE8F6008005ED /* Info.plist */ = {isa = PBXFileReference; lastKnownFileType = text.plist.xml; path = Info.plist; sourceTree = "<group>"; };
		6899CCD7241DE8F6008005ED /* MusicPlayerUITests.xctest */ = {isa = PBXFileReference; explicitFileType = wrapper.cfbundle; includeInIndex = 0; path = MusicPlayerUITests.xctest; sourceTree = BUILT_PRODUCTS_DIR; };
		6899CCDB241DE8F6008005ED /* MusicPlayerUITests.swift */ = {isa = PBXFileReference; lastKnownFileType = sourcecode.swift; path = MusicPlayerUITests.swift; sourceTree = "<group>"; };
		6899CCDD241DE8F6008005ED /* Info.plist */ = {isa = PBXFileReference; lastKnownFileType = text.plist.xml; path = Info.plist; sourceTree = "<group>"; };
/* End PBXFileReference section */

/* Begin PBXFrameworksBuildPhase section */
		6899CCB3241DE8F3008005ED /* Frameworks */ = {
			isa = PBXFrameworksBuildPhase;
			buildActionMask = 2147483647;
			files = (
			);
			runOnlyForDeploymentPostprocessing = 0;
		};
		6899CCC9241DE8F6008005ED /* Frameworks */ = {
			isa = PBXFrameworksBuildPhase;
			buildActionMask = 2147483647;
			files = (
			);
			runOnlyForDeploymentPostprocessing = 0;
		};
		6899CCD4241DE8F6008005ED /* Frameworks */ = {
			isa = PBXFrameworksBuildPhase;
			buildActionMask = 2147483647;
			files = (
			);
			runOnlyForDeploymentPostprocessing = 0;
		};
/* End PBXFrameworksBuildPhase section */

/* Begin PBXGroup section */
		6899CCAD241DE8F3008005ED = {
			isa = PBXGroup;
			children = (
				6899CCB8241DE8F3008005ED /* MusicPlayer */,
				6899CCCF241DE8F6008005ED /* MusicPlayerTests */,
				6899CCDA241DE8F6008005ED /* MusicPlayerUITests */,
				6899CCB7241DE8F3008005ED /* Products */,
			);
			sourceTree = "<group>";
		};
		6899CCB7241DE8F3008005ED /* Products */ = {
			isa = PBXGroup;
			children = (
				6899CCB6241DE8F3008005ED /* MusicPlayer.app */,
				6899CCCC241DE8F6008005ED /* MusicPlayerTests.xctest */,
				6899CCD7241DE8F6008005ED /* MusicPlayerUITests.xctest */,
			);
			name = Products;
			sourceTree = "<group>";
		};
		6899CCB8241DE8F3008005ED /* MusicPlayer */ = {
			isa = PBXGroup;
			children = (
				6899CCB9241DE8F3008005ED /* AppDelegate.swift */,
				6899CCBB241DE8F3008005ED /* SceneDelegate.swift */,
				6899CCBD241DE8F3008005ED /* ViewController.swift */,
				6899CCBF241DE8F3008005ED /* Main.storyboard */,
				6899CCC2241DE8F6008005ED /* Assets.xcassets */,
				6899CCC4241DE8F6008005ED /* LaunchScreen.storyboard */,
				6899CCC7241DE8F6008005ED /* Info.plist */,
			);
			path = MusicPlayer;
			sourceTree = "<group>";
		};
		6899CCCF241DE8F6008005ED /* MusicPlayerTests */ = {
			isa = PBXGroup;
			children = (
				6899CCD0241DE8F6008005ED /* MusicPlayerTests.swift */,
				6899CCD2241DE8F6008005ED /* Info.plist */,
			);
			path = MusicPlayerTests;
			sourceTree = "<group>";
		};
		6899CCDA241DE8F6008005ED /* MusicPlayerUITests */ = {
			isa = PBXGroup;
			children = (
				6899CCDB241DE8F6008005ED /* MusicPlayerUITests.swift */,
				6899CCDD241DE8F6008005ED /* Info.plist */,
			);
			path = MusicPlayerUITests;
			sourceTree = "<group>";
		};
/* End PBXGroup section */

/* Begin PBXNativeTarget section */
		6899CCB5241DE8F3008005ED /* MusicPlayer */ = {
			isa = PBXNativeTarget;
			buildConfigurationList = 6899CCE0241DE8F6008005ED /* Build configuration list for PBXNativeTarget "MusicPlayer" */;
			buildPhases = (
				6899CCB2241DE8F3008005ED /* Sources */,
				6899CCB3241DE8F3008005ED /* Frameworks */,
				6899CCB4241DE8F3008005ED /* Resources */,
			);
			buildRules = (
			);
			dependencies = (
			);
			name = MusicPlayer;
			productName = MusicPlayer;
			productReference = 6899CCB6241DE8F3008005ED /* MusicPlayer.app */;
			productType = "com.apple.product-type.application";
		};
		6899CCCB241DE8F6008005ED /* MusicPlayerTests */ = {
			isa = PBXNativeTarget;
			buildConfigurationList = 6899CCE3241DE8F6008005ED /* Build configuration list for PBXNativeTarget "MusicPlayerTests" */;
			buildPhases = (
				6899CCC8241DE8F6008005ED /* Sources */,
				6899CCC9241DE8F6008005ED /* Frameworks */,
				6899CCCA241DE8F6008005ED /* Resources */,
			);
			buildRules = (
			);
			dependencies = (
				6899CCCE241DE8F6008005ED /* PBXTargetDependency */,
			);
			name = MusicPlayerTests;
			productName = MusicPlayerTests;
			productReference = 6899CCCC241DE8F6008005ED /* MusicPlayerTests.xctest */;
			productType = "com.apple.product-type.bundle.unit-test";
		};
		6899CCD6241DE8F6008005ED /* MusicPlayerUITests */ = {
			isa = PBXNativeTarget;
			buildConfigurationList = 6899CCE6241DE8F6008005ED /* Build configuration list for PBXNativeTarget "MusicPlayerUITests" */;
			buildPhases = (
				6899CCD3241DE8F6008005ED /* Sources */,
				6899CCD4241DE8F6008005ED /* Frameworks */,
				6899CCD5241DE8F6008005ED /* Resources */,
			);
			buildRules = (
			);
			dependencies = (
				6899CCD9241DE8F6008005ED /* PBXTargetDependency */,
			);
			name = MusicPlayerUITests;
			productName = MusicPlayerUITests;
			productReference = 6899CCD7241DE8F6008005ED /* MusicPlayerUITests.xctest */;
			productType = "com.apple.product-type.bundle.ui-testing";
		};
/* End PBXNativeTarget section */

/* Begin PBXProject section */
		6899CCAE241DE8F3008005ED /* Project object */ = {
			isa = PBXProject;
			attributes = {
				LastSwiftUpdateCheck = 1130;
				LastUpgradeCheck = 1130;
				ORGANIZATIONNAME = chopokmado;
				TargetAttributes = {
					6899CCB5241DE8F3008005ED = {
						CreatedOnToolsVersion = 11.3.1;
					};
					6899CCCB241DE8F6008005ED = {
						CreatedOnToolsVersion = 11.3.1;
						TestTargetID = 6899CCB5241DE8F3008005ED;
					};
					6899CCD6241DE8F6008005ED = {
						CreatedOnToolsVersion = 11.3.1;
						TestTargetID = 6899CCB5241DE8F3008005ED;
					};
				};
			};
			buildConfigurationList = 6899CCB1241DE8F3008005ED /* Build configuration list for PBXProject "MusicPlayer" */;
			compatibilityVersion = "Xcode 9.3";
			developmentRegion = en;
			hasScannedForEncodings = 0;
			knownRegions = (
				en,
				Base,
			);
			mainGroup = 6899CCAD241DE8F3008005ED;
			productRefGroup = 6899CCB7241DE8F3008005ED /* Products */;
			projectDirPath = "";
			projectRoot = "";
			targets = (
				6899CCB5241DE8F3008005ED /* MusicPlayer */,
				6899CCCB241DE8F6008005ED /* MusicPlayerTests */,
				6899CCD6241DE8F6008005ED /* MusicPlayerUITests */,
			);
		};
/* End PBXProject section */

/* Begin PBXResourcesBuildPhase section */
		6899CCB4241DE8F3008005ED /* Resources */ = {
			isa = PBXResourcesBuildPhase;
			buildActionMask = 2147483647;
			files = (
				6899CCC6241DE8F6008005ED /* LaunchScreen.storyboard in Resources */,
				6899CCC3241DE8F6008005ED /* Assets.xcassets in Resources */,
				6899CCC1241DE8F3008005ED /* Main.storyboard in Resources */,
			);
			runOnlyForDeploymentPostprocessing = 0;
		};
		6899CCCA241DE8F6008005ED /* Resources */ = {
			isa = PBXResourcesBuildPhase;
			buildActionMask = 2147483647;
			files = (
			);
			runOnlyForDeploymentPostprocessing = 0;
		};
		6899CCD5241DE8F6008005ED /* Resources */ = {
			isa = PBXResourcesBuildPhase;
			buildActionMask = 2147483647;
			files = (
			);
			runOnlyForDeploymentPostprocessing = 0;
		};
/* End PBXResourcesBuildPhase section */

/* Begin PBXSourcesBuildPhase section */
		6899CCB2241DE8F3008005ED /* Sources */ = {
			isa = PBXSourcesBuildPhase;
			buildActionMask = 2147483647;
			files = (
				6899CCBE241DE8F3008005ED /* ViewController.swift in Sources */,
				6899CCBA241DE8F3008005ED /* AppDelegate.swift in Sources */,
				6899CCBC241DE8F3008005ED /* SceneDelegate.swift in Sources */,
			);
			runOnlyForDeploymentPostprocessing = 0;
		};
		6899CCC8241DE8F6008005ED /* Sources */ = {
			isa = PBXSourcesBuildPhase;
			buildActionMask = 2147483647;
			files = (
				6899CCD1241DE8F6008005ED /* MusicPlayerTests.swift in Sources */,
			);
			runOnlyForDeploymentPostprocessing = 0;
		};
		6899CCD3241DE8F6008005ED /* Sources */ = {
			isa = PBXSourcesBuildPhase;
			buildActionMask = 2147483647;
			files = (
				6899CCDC241DE8F6008005ED /* MusicPlayerUITests.swift in Sources */,
			);
			runOnlyForDeploymentPostprocessing = 0;
		};
/* End PBXSourcesBuildPhase section */

/* Begin PBXTargetDependency section */
		6899CCCE241DE8F6008005ED /* PBXTargetDependency */ = {
			isa = PBXTargetDependency;
			target = 6899CCB5241DE8F3008005ED /* MusicPlayer */;
			targetProxy = 6899CCCD241DE8F6008005ED /* PBXContainerItemProxy */;
		};
		6899CCD9241DE8F6008005ED /* PBXTargetDependency */ = {
			isa = PBXTargetDependency;
			target = 6899CCB5241DE8F3008005ED /* MusicPlayer */;
			targetProxy = 6899CCD8241DE8F6008005ED /* PBXContainerItemProxy */;
		};
/* End PBXTargetDependency section */

/* Begin PBXVariantGroup section */
		6899CCBF241DE8F3008005ED /* Main.storyboard */ = {
			isa = PBXVariantGroup;
			children = (
				6899CCC0241DE8F3008005ED /* Base */,
			);
			name = Main.storyboard;
			sourceTree = "<group>";
		};
		6899CCC4241DE8F6008005ED /* LaunchScreen.storyboard */ = {
			isa = PBXVariantGroup;
			children = (
				6899CCC5241DE8F6008005ED /* Base */,
			);
			name = LaunchScreen.storyboard;
			sourceTree = "<group>";
		};
/* End PBXVariantGroup section */

/* Begin XCBuildConfiguration section */
		6899CCDE241DE8F6008005ED /* Debug */ = {
			isa = XCBuildConfiguration;
			buildSettings = {
				ALWAYS_SEARCH_USER_PATHS = NO;
				CLANG_ANALYZER_NONNULL = YES;
				CLANG_ANALYZER_NUMBER_OBJECT_CONVERSION = YES_AGGRESSIVE;
				CLANG_CXX_LANGUAGE_STANDARD = "gnu++14";
				CLANG_CXX_LIBRARY = "libc++";
				CLANG_ENABLE_MODULES = YES;
				CLANG_ENABLE_OBJC_ARC = YES;
				CLANG_ENABLE_OBJC_WEAK = YES;
				CLANG_WARN_BLOCK_CAPTURE_AUTORELEASING = YES;
				CLANG_WARN_BOOL_CONVERSION = YES;
				CLANG_WARN_COMMA = YES;
				CLANG_WARN_CONSTANT_CONVERSION = YES;
				CLANG_WARN_DEPRECATED_OBJC_IMPLEMENTATIONS = YES;
				CLANG_WARN_DIRECT_OBJC_ISA_USAGE = YES_ERROR;
				CLANG_WARN_DOCUMENTATION_COMMENTS = YES;
				CLANG_WARN_EMPTY_BODY = YES;
				CLANG_WARN_ENUM_CONVERSION = YES;
				CLANG_WARN_INFINITE_RECURSION = YES;
				CLANG_WARN_INT_CONVERSION = YES;
				CLANG_WARN_NON_LITERAL_NULL_CONVERSION = YES;
				CLANG_WARN_OBJC_IMPLICIT_RETAIN_SELF = YES;
				CLANG_WARN_OBJC_LITERAL_CONVERSION = YES;
				CLANG_WARN_OBJC_ROOT_CLASS = YES_ERROR;
				CLANG_WARN_RANGE_LOOP_ANALYSIS = YES;
				CLANG_WARN_STRICT_PROTOTYPES = YES;
				CLANG_WARN_SUSPICIOUS_MOVE = YES;
				CLANG_WARN_UNGUARDED_AVAILABILITY = YES_AGGRESSIVE;
				CLANG_WARN_UNREACHABLE_CODE = YES;
				CLANG_WARN__DUPLICATE_METHOD_MATCH = YES;
				COPY_PHASE_STRIP = NO;
				DEBUG_INFORMATION_FORMAT = dwarf;
				ENABLE_STRICT_OBJC_MSGSEND = YES;
				ENABLE_TESTABILITY = YES;
				GCC_C_LANGUAGE_STANDARD = gnu11;
				GCC_DYNAMIC_NO_PIC = NO;
				GCC_NO_COMMON_BLOCKS = YES;
				GCC_OPTIMIZATION_LEVEL = 0;
				GCC_PREPROCESSOR_DEFINITIONS = (
					"DEBUG=1",
					"$(inherited)",
				);
				GCC_WARN_64_TO_32_BIT_CONVERSION = YES;
				GCC_WARN_ABOUT_RETURN_TYPE = YES_ERROR;
				GCC_WARN_UNDECLARED_SELECTOR = YES;
				GCC_WARN_UNINITIALIZED_AUTOS = YES_AGGRESSIVE;
				GCC_WARN_UNUSED_FUNCTION = YES;
				GCC_WARN_UNUSED_VARIABLE = YES;
				IPHONEOS_DEPLOYMENT_TARGET = 13.2;
				MTL_ENABLE_DEBUG_INFO = INCLUDE_SOURCE;
				MTL_FAST_MATH = YES;
				ONLY_ACTIVE_ARCH = YES;
				SDKROOT = iphoneos;
				SWIFT_ACTIVE_COMPILATION_CONDITIONS = DEBUG;
				SWIFT_OPTIMIZATION_LEVEL = "-Onone";
			};
			name = Debug;
		};
		6899CCDF241DE8F6008005ED /* Release */ = {
			isa = XCBuildConfiguration;
			buildSettings = {
				ALWAYS_SEARCH_USER_PATHS = NO;
				CLANG_ANALYZER_NONNULL = YES;
				CLANG_ANALYZER_NUMBER_OBJECT_CONVERSION = YES_AGGRESSIVE;
				CLANG_CXX_LANGUAGE_STANDARD = "gnu++14";
				CLANG_CXX_LIBRARY = "libc++";
				CLANG_ENABLE_MODULES = YES;
				CLANG_ENABLE_OBJC_ARC = YES;
				CLANG_ENABLE_OBJC_WEAK = YES;
				CLANG_WARN_BLOCK_CAPTURE_AUTORELEASING = YES;
				CLANG_WARN_BOOL_CONVERSION = YES;
				CLANG_WARN_COMMA = YES;
				CLANG_WARN_CONSTANT_CONVERSION = YES;
				CLANG_WARN_DEPRECATED_OBJC_IMPLEMENTATIONS = YES;
				CLANG_WARN_DIRECT_OBJC_ISA_USAGE = YES_ERROR;
				CLANG_WARN_DOCUMENTATION_COMMENTS = YES;
				CLANG_WARN_EMPTY_BODY = YES;
				CLANG_WARN_ENUM_CONVERSION = YES;
				CLANG_WARN_INFINITE_RECURSION = YES;
				CLANG_WARN_INT_CONVERSION = YES;
				CLANG_WARN_NON_LITERAL_NULL_CONVERSION = YES;
				CLANG_WARN_OBJC_IMPLICIT_RETAIN_SELF = YES;
				CLANG_WARN_OBJC_LITERAL_CONVERSION = YES;
				CLANG_WARN_OBJC_ROOT_CLASS = YES_ERROR;
				CLANG_WARN_RANGE_LOOP_ANALYSIS = YES;
				CLANG_WARN_STRICT_PROTOTYPES = YES;
				CLANG_WARN_SUSPICIOUS_MOVE = YES;
				CLANG_WARN_UNGUARDED_AVAILABILITY = YES_AGGRESSIVE;
				CLANG_WARN_UNREACHABLE_CODE = YES;
				CLANG_WARN__DUPLICATE_METHOD_MATCH = YES;
				COPY_PHASE_STRIP = NO;
				DEBUG_INFORMATION_FORMAT = "dwarf-with-dsym";
				ENABLE_NS_ASSERTIONS = NO;
				ENABLE_STRICT_OBJC_MSGSEND = YES;
				GCC_C_LANGUAGE_STANDARD = gnu11;
				GCC_NO_COMMON_BLOCKS = YES;
				GCC_WARN_64_TO_32_BIT_CONVERSION = YES;
				GCC_WARN_ABOUT_RETURN_TYPE = YES_ERROR;
				GCC_WARN_UNDECLARED_SELECTOR = YES;
				GCC_WARN_UNINITIALIZED_AUTOS = YES_AGGRESSIVE;
				GCC_WARN_UNUSED_FUNCTION = YES;
				GCC_WARN_UNUSED_VARIABLE = YES;
				IPHONEOS_DEPLOYMENT_TARGET = 13.2;
				MTL_ENABLE_DEBUG_INFO = NO;
				MTL_FAST_MATH = YES;
				SDKROOT = iphoneos;
				SWIFT_COMPILATION_MODE = wholemodule;
				SWIFT_OPTIMIZATION_LEVEL = "-O";
				VALIDATE_PRODUCT = YES;
			};
			name = Release;
		};
		6899CCE1241DE8F6008005ED /* Debug */ = {
			isa = XCBuildConfiguration;
			buildSettings = {
				ASSETCATALOG_COMPILER_APPICON_NAME = AppIcon;
				CODE_SIGN_STYLE = Automatic;
				INFOPLIST_FILE = MusicPlayer/Info.plist;
				LD_RUNPATH_SEARCH_PATHS = (
					"$(inherited)",
					"@executable_path/Frameworks",
				);
				PRODUCT_BUNDLE_IDENTIFIER = com.dasolute.MusicPlayer;
				PRODUCT_NAME = "$(TARGET_NAME)";
				SWIFT_VERSION = 5.0;
				TARGETED_DEVICE_FAMILY = "1,2";
			};
			name = Debug;
		};
		6899CCE2241DE8F6008005ED /* Release */ = {
			isa = XCBuildConfiguration;
			buildSettings = {
				ASSETCATALOG_COMPILER_APPICON_NAME = AppIcon;
				CODE_SIGN_STYLE = Automatic;
				INFOPLIST_FILE = MusicPlayer/Info.plist;
				LD_RUNPATH_SEARCH_PATHS = (
					"$(inherited)",
					"@executable_path/Frameworks",
				);
				PRODUCT_BUNDLE_IDENTIFIER = com.dasolute.MusicPlayer;
				PRODUCT_NAME = "$(TARGET_NAME)";
				SWIFT_VERSION = 5.0;
				TARGETED_DEVICE_FAMILY = "1,2";
			};
			name = Release;
		};
		6899CCE4241DE8F6008005ED /* Debug */ = {
			isa = XCBuildConfiguration;
			buildSettings = {
				ALWAYS_EMBED_SWIFT_STANDARD_LIBRARIES = YES;
				BUNDLE_LOADER = "$(TEST_HOST)";
				CODE_SIGN_STYLE = Automatic;
				INFOPLIST_FILE = MusicPlayerTests/Info.plist;
				IPHONEOS_DEPLOYMENT_TARGET = 13.2;
				LD_RUNPATH_SEARCH_PATHS = (
					"$(inherited)",
					"@executable_path/Frameworks",
					"@loader_path/Frameworks",
				);
				PRODUCT_BUNDLE_IDENTIFIER = com.dasolute.MusicPlayerTests;
				PRODUCT_NAME = "$(TARGET_NAME)";
				SWIFT_VERSION = 5.0;
				TARGETED_DEVICE_FAMILY = "1,2";
				TEST_HOST = "$(BUILT_PRODUCTS_DIR)/MusicPlayer.app/MusicPlayer";
			};
			name = Debug;
		};
		6899CCE5241DE8F6008005ED /* Release */ = {
			isa = XCBuildConfiguration;
			buildSettings = {
				ALWAYS_EMBED_SWIFT_STANDARD_LIBRARIES = YES;
				BUNDLE_LOADER = "$(TEST_HOST)";
				CODE_SIGN_STYLE = Automatic;
				INFOPLIST_FILE = MusicPlayerTests/Info.plist;
				IPHONEOS_DEPLOYMENT_TARGET = 13.2;
				LD_RUNPATH_SEARCH_PATHS = (
					"$(inherited)",
					"@executable_path/Frameworks",
					"@loader_path/Frameworks",
				);
				PRODUCT_BUNDLE_IDENTIFIER = com.dasolute.MusicPlayerTests;
				PRODUCT_NAME = "$(TARGET_NAME)";
				SWIFT_VERSION = 5.0;
				TARGETED_DEVICE_FAMILY = "1,2";
				TEST_HOST = "$(BUILT_PRODUCTS_DIR)/MusicPlayer.app/MusicPlayer";
			};
			name = Release;
		};
		6899CCE7241DE8F6008005ED /* Debug */ = {
			isa = XCBuildConfiguration;
			buildSettings = {
				ALWAYS_EMBED_SWIFT_STANDARD_LIBRARIES = YES;
				CODE_SIGN_STYLE = Automatic;
				INFOPLIST_FILE = MusicPlayerUITests/Info.plist;
				LD_RUNPATH_SEARCH_PATHS = (
					"$(inherited)",
					"@executable_path/Frameworks",
					"@loader_path/Frameworks",
				);
				PRODUCT_BUNDLE_IDENTIFIER = com.dasolute.MusicPlayerUITests;
				PRODUCT_NAME = "$(TARGET_NAME)";
				SWIFT_VERSION = 5.0;
				TARGETED_DEVICE_FAMILY = "1,2";
				TEST_TARGET_NAME = MusicPlayer;
			};
			name = Debug;
		};
		6899CCE8241DE8F6008005ED /* Release */ = {
			isa = XCBuildConfiguration;
			buildSettings = {
				ALWAYS_EMBED_SWIFT_STANDARD_LIBRARIES = YES;
				CODE_SIGN_STYLE = Automatic;
				INFOPLIST_FILE = MusicPlayerUITests/Info.plist;
				LD_RUNPATH_SEARCH_PATHS = (
					"$(inherited)",
					"@executable_path/Frameworks",
					"@loader_path/Frameworks",
				);
				PRODUCT_BUNDLE_IDENTIFIER = com.dasolute.MusicPlayerUITests;
				PRODUCT_NAME = "$(TARGET_NAME)";
				SWIFT_VERSION = 5.0;
				TARGETED_DEVICE_FAMILY = "1,2";
				TEST_TARGET_NAME = MusicPlayer;
			};
			name = Release;
		};
/* End XCBuildConfiguration section */

/* Begin XCConfigurationList section */
		6899CCB1241DE8F3008005ED /* Build configuration list for PBXProject "MusicPlayer" */ = {
			isa = XCConfigurationList;
			buildConfigurations = (
				6899CCDE241DE8F6008005ED /* Debug */,
				6899CCDF241DE8F6008005ED /* Release */,
			);
			defaultConfigurationIsVisible = 0;
			defaultConfigurationName = Release;
		};
		6899CCE0241DE8F6008005ED /* Build configuration list for PBXNativeTarget "MusicPlayer" */ = {
			isa = XCConfigurationList;
			buildConfigurations = (
				6899CCE1241DE8F6008005ED /* Debug */,
				6899CCE2241DE8F6008005ED /* Release */,
			);
			defaultConfigurationIsVisible = 0;
			defaultConfigurationName = Release;
		};
		6899CCE3241DE8F6008005ED /* Build configuration list for PBXNativeTarget "MusicPlayerTests" */ = {
			isa = XCConfigurationList;
			buildConfigurations = (
				6899CCE4241DE8F6008005ED /* Debug */,
				6899CCE5241DE8F6008005ED /* Release */,
			);
			defaultConfigurationIsVisible = 0;
			defaultConfigurationName = Release;
		};
		6899CCE6241DE8F6008005ED /* Build configuration list for PBXNativeTarget "MusicPlayerUITests" */ = {
			isa = XCConfigurationList;
			buildConfigurations = (
				6899CCE7241DE8F6008005ED /* Debug */,
				6899CCE8241DE8F6008005ED /* Release */,
			);
			defaultConfigurationIsVisible = 0;
			defaultConfigurationName = Release;
		};
/* End XCConfigurationList section */
	};
	rootObject = 6899CCAE241DE8F3008005ED /* Project object */;
}
